{
  "originHash" : "4acefa97f69090b10669f92b3335afe8522c53d2f32ef65028575ae3d4d98235",
  "pins" : [
    {
      "identity" : "appmetrica-sdk-ios",
      "kind" : "remoteSourceControl",
      "location" : "https://github.com/appmetrica/appmetrica-sdk-ios",
      "state" : {
        "revision" : "d6d472de0485c87c3bfe0dd3b57a782132d751ee",
        "version" : "5.16.0"
      }
    },
    {
      "identity" : "kscrash",
      "kind" : "remoteSourceControl",
      "location" : "https://github.com/kstenerud/KSCrash",
      "state" : {
        "revision" : "c0177658fc771ae833b6d3b8f5f3f5a14d59ec03",
        "version" : "2.1.2"
      }
    }
  ],
  "version" : 3
}
