// !$*UTF8*$!
{
	archiveVersion = 1;
	classes = {
	};
	objectVersion = 77;
	objects = {

/* Begin PBXBuildFile section */
		FD82D8BD2F0D38A2004552E8 /* InlineSnapshotTesting in Frameworks */ = {isa = PBXBuildFile; productRef = FD82D8BC2F0D38A2004552E8 /* InlineSnapshotTesting */; };
		FD82D8BF2F0D38A2004552E8 /* SnapshotTesting in Frameworks */ = {isa = PBXBuildFile; productRef = FD82D8BE2F0D38A2004552E8 /* SnapshotTesting */; };
		FD82D8C12F0D38A2004552E8 /* SnapshotTestingCustomDump in Frameworks */ = {isa = PBXBuildFile; productRef = FD82D8C02F0D38A2004552E8 /* SnapshotTestingCustomDump */; };
		FDFECD102F0A4D5D000C2C97 /* AppMetricaAdSupport in Frameworks */ = {isa = PBXBuildFile; productRef = FDFECD0F2F0A4D5D000C2C97 /* AppMetricaAdSupport */; };
		FDFECD122F0A4D5D000C2C97 /* AppMetricaCore in Frameworks */ = {isa = PBXBuildFile; productRef = FDFECD112F0A4D5D000C2C97 /* AppMetricaCore */; };
		FDFECD142F0A4D5D000C2C97 /* AppMetricaCrashes in Frameworks */ = {isa = PBXBuildFile; productRef = FDFECD132F0A4D5D000C2C97 /* AppMetricaCrashes */; };
		FDFECD162F0A4D5D000C2C97 /* AppMetricaIDSync in Frameworks */ = {isa = PBXBuildFile; productRef = FDFECD152F0A4D5D000C2C97 /* AppMetricaIDSync */; };
		FDFECD182F0A4D5D000C2C97 /* AppMetricaLibraryAdapter in Frameworks */ = {isa = PBXBuildFile; productRef = FDFECD172F0A4D5D000C2C97 /* AppMetricaLibraryAdapter */; };
/* End PBXBuildFile section */

/* Begin PBXContainerItemProxy section */
		FD9A41FF2EC4807C005BB9C0 /* PBXContainerItemProxy */ = {
			isa = PBXContainerItemProxy;
			containerPortal = FD9A41DD2EC4807B005BB9C0 /* Project object */;
			proxyType = 1;
			remoteGlobalIDString = FD9A41E42EC4807B005BB9C0;
			remoteInfo = Tracker;
		};
		FD9A42092EC4807C005BB9C0 /* PBXContainerItemProxy */ = {
			isa = PBXContainerItemProxy;
			containerPortal = FD9A41DD2EC4807B005BB9C0 /* Project object */;
			proxyType = 1;
			remoteGlobalIDString = FD9A41E42EC4807B005BB9C0;
			remoteInfo = Tracker;
		};
/* End PBXContainerItemProxy section */

/* Begin PBXFileReference section */
		FD9A41E52EC4807B005BB9C0 /* Tracker.app */ = {isa = PBXFileReference; explicitFileType = wrapper.application; includeInIndex = 0; path = Tracker.app; sourceTree = BUILT_PRODUCTS_DIR; };
		FD9A41FE2EC4807C005BB9C0 /* TrackerTests.xctest */ = {isa = PBXFileReference; explicitFileType = wrapper.cfbundle; includeInIndex = 0; path = TrackerTests.xctest; sourceTree = BUILT_PRODUCTS_DIR; };
		FD9A42082EC4807C005BB9C0 /* TrackerUITests.xctest */ = {isa = PBXFileReference; explicitFileType = wrapper.cfbundle; includeInIndex = 0; path = TrackerUITests.xctest; sourceTree = BUILT_PRODUCTS_DIR; };
/* End PBXFileReference section */

/* Begin PBXFileSystemSynchronizedBuildFileExceptionSet section */
		FD9A42102EC4807C005BB9C0 /* Exceptions for "Tracker" folder in "Tracker" target */ = {
			isa = PBXFileSystemSynchronizedBuildFileExceptionSet;
			membershipExceptions = (
				Info.plist,
			);
			target = FD9A41E42EC4807B005BB9C0 /* Tracker */;
		};
/* End PBXFileSystemSynchronizedBuildFileExceptionSet section */

/* Begin PBXFileSystemSynchronizedRootGroup section */
		FD9A41E72EC4807B005BB9C0 /* Tracker */ = {
			isa = PBXFileSystemSynchronizedRootGroup;
			exceptions = (
				FD9A42102EC4807C005BB9C0 /* Exceptions for "Tracker" folder in "Tracker" target */,
			);
			path = Tracker;
			sourceTree = "<group>";
		};
		FD9A42012EC4807C005BB9C0 /* TrackerTests */ = {
			isa = PBXFileSystemSynchronizedRootGroup;
			path = TrackerTests;
			sourceTree = "<group>";
		};
/* End PBXFileSystemSynchronizedRootGroup section */

/* Begin PBXFrameworksBuildPhase section */
		FD9A41E22EC4807B005BB9C0 /* Frameworks */ = {
			isa = PBXFrameworksBuildPhase;
			buildActionMask = 2147483647;
			files = (
				FDFECD162F0A4D5D000C2C97 /* AppMetricaIDSync in Frameworks */,
				FDFECD182F0A4D5D000C2C97 /* AppMetricaLibraryAdapter in Frameworks */,
				FDFECD142F0A4D5D000C2C97 /* AppMetricaCrashes in Frameworks */,
				FDFECD102F0A4D5D000C2C97 /* AppMetricaAdSupport in Frameworks */,
				FDFECD122F0A4D5D000C2C97 /* AppMetricaCore in Frameworks */,
			);
			runOnlyForDeploymentPostprocessing = 0;
		};
		FD9A41FB2EC4807C005BB9C0 /* Frameworks */ = {
			isa = PBXFrameworksBuildPhase;
			buildActionMask = 2147483647;
			files = (
				FD82D8C12F0D38A2004552E8 /* SnapshotTestingCustomDump in Frameworks */,
				FD82D8BD2F0D38A2004552E8 /* InlineSnapshotTesting in Frameworks */,
				FD82D8BF2F0D38A2004552E8 /* SnapshotTesting in Frameworks */,
			);
			runOnlyForDeploymentPostprocessing = 0;
		};
		FD9A42052EC4807C005BB9C0 /* Frameworks */ = {
			isa = PBXFrameworksBuildPhase;
			buildActionMask = 2147483647;
			files = (
			);
			runOnlyForDeploymentPostprocessing = 0;
		};
/* End PBXFrameworksBuildPhase section */

/* Begin PBXGroup section */
		FD9A41DC2EC4807B005BB9C0 = {
			isa = PBXGroup;
			children = (
				FD9A41E72EC4807B005BB9C0 /* Tracker */,
				FD9A42012EC4807C005BB9C0 /* TrackerTests */,
				FD9A41E62EC4807B005BB9C0 /* Products */,
			);
			sourceTree = "<group>";
		};
		FD9A41E62EC4807B005BB9C0 /* Products */ = {
			isa = PBXGroup;
			children = (
				FD9A41E52EC4807B005BB9C0 /* Tracker.app */,
				FD9A41FE2EC4807C005BB9C0 /* TrackerTests.xctest */,
				FD9A42082EC4807C005BB9C0 /* TrackerUITests.xctest */,
			);
			name = Products;
			sourceTree = "<group>";
		};
/* End PBXGroup section */

/* Begin PBXNativeTarget section */
		FD9A41E42EC4807B005BB9C0 /* Tracker */ = {
			isa = PBXNativeTarget;
			buildConfigurationList = FD9A42112EC4807C005BB9C0 /* Build configuration list for PBXNativeTarget "Tracker" */;
			buildPhases = (
				FD9A41E12EC4807B005BB9C0 /* Sources */,
				FD9A41E22EC4807B005BB9C0 /* Frameworks */,
				FD9A41E32EC4807B005BB9C0 /* Resources */,
			);
			buildRules = (
			);
			dependencies = (
			);
			fileSystemSynchronizedGroups = (
				FD9A41E72EC4807B005BB9C0 /* Tracker */,
			);
			name = Tracker;
			packageProductDependencies = (
				FDFECD0F2F0A4D5D000C2C97 /* AppMetricaAdSupport */,
				FDFECD112F0A4D5D000C2C97 /* AppMetricaCore */,
				FDFECD132F0A4D5D000C2C97 /* AppMetricaCrashes */,
				FDFECD152F0A4D5D000C2C97 /* AppMetricaIDSync */,
				FDFECD172F0A4D5D000C2C97 /* AppMetricaLibraryAdapter */,
			);
			productName = Tracker;
			productReference = FD9A41E52EC4807B005BB9C0 /* Tracker.app */;
			productType = "com.apple.product-type.application";
		};
		FD9A41FD2EC4807C005BB9C0 /* TrackerTests */ = {
			isa = PBXNativeTarget;
			buildConfigurationList = FD9A42162EC4807C005BB9C0 /* Build configuration list for PBXNativeTarget "TrackerTests" */;
			buildPhases = (
				FD9A41FA2EC4807C005BB9C0 /* Sources */,
				FD9A41FB2EC4807C005BB9C0 /* Frameworks */,
				FD9A41FC2EC4807C005BB9C0 /* Resources */,
			);
			buildRules = (
			);
			dependencies = (
				FD9A42002EC4807C005BB9C0 /* PBXTargetDependency */,
			);
			fileSystemSynchronizedGroups = (
				FD9A42012EC4807C005BB9C0 /* TrackerTests */,
			);
			name = TrackerTests;
			packageProductDependencies = (
				FD82D8BC2F0D38A2004552E8 /* InlineSnapshotTesting */,
				FD82D8BE2F0D38A2004552E8 /* SnapshotTesting */,
				FD82D8C02F0D38A2004552E8 /* SnapshotTestingCustomDump */,
			);
			productName = TrackerTests;
			productReference = FD9A41FE2EC4807C005BB9C0 /* TrackerTests.xctest */;
			productType = "com.apple.product-type.bundle.unit-test";
		};
		FD9A42072EC4807C005BB9C0 /* TrackerUITests */ = {
			isa = PBXNativeTarget;
			buildConfigurationList = FD9A42192EC4807C005BB9C0 /* Build configuration list for PBXNativeTarget "TrackerUITests" */;
			buildPhases = (
				FD9A42042EC4807C005BB9C0 /* Sources */,
				FD9A42052EC4807C005BB9C0 /* Frameworks */,
				FD9A42062EC4807C005BB9C0 /* Resources */,
			);
			buildRules = (
			);
			dependencies = (
				FD9A420A2EC4807C005BB9C0 /* PBXTargetDependency */,
			);
			name = TrackerUITests;
			packageProductDependencies = (
			);
			productName = TrackerUITests;
			productReference = FD9A42082EC4807C005BB9C0 /* TrackerUITests.xctest */;
			productType = "com.apple.product-type.bundle.ui-testing";
		};
/* End PBXNativeTarget section */

/* Begin PBXProject section */
		FD9A41DD2EC4807B005BB9C0 /* Project object */ = {
			isa = PBXProject;
			attributes = {
				BuildIndependentTargetsInParallel = 1;
				LastSwiftUpdateCheck = 2600;
				LastUpgradeCheck = 2600;
				TargetAttributes = {
					FD9A41E42EC4807B005BB9C0 = {
						CreatedOnToolsVersion = 26.0.1;
					};
					FD9A41FD2EC4807C005BB9C0 = {
						CreatedOnToolsVersion = 26.0.1;
						TestTargetID = FD9A41E42EC4807B005BB9C0;
					};
					FD9A42072EC4807C005BB9C0 = {
						CreatedOnToolsVersion = 26.0.1;
						TestTargetID = FD9A41E42EC4807B005BB9C0;
					};
				};
			};
			buildConfigurationList = FD9A41E02EC4807B005BB9C0 /* Build configuration list for PBXProject "Tracker" */;
			developmentRegion = en;
			hasScannedForEncodings = 0;
			knownRegions = (
				en,
				Base,
				ru,
			);
			mainGroup = FD9A41DC2EC4807B005BB9C0;
			minimizedProjectReferenceProxies = 1;
			packageReferences = (
				FDFECD0E2F0A4D5D000C2C97 /* XCRemoteSwiftPackageReference "appmetrica-sdk-ios" */,
				FD82D8BB2F0D38A2004552E8 /* XCRemoteSwiftPackageReference "swift-snapshot-testing" */,
			);
			preferredProjectObjectVersion = 77;
			productRefGroup = FD9A41E62EC4807B005BB9C0 /* Products */;
			projectDirPath = "";
			projectRoot = "";
			targets = (
				FD9A41E42EC4807B005BB9C0 /* Tracker */,
				FD9A41FD2EC4807C005BB9C0 /* TrackerTests */,
				FD9A42072EC4807C005BB9C0 /* TrackerUITests */,
			);
		};
/* End PBXProject section */

/* Begin PBXResourcesBuildPhase section */
		FD9A41E32EC4807B005BB9C0 /* Resources */ = {
			isa = PBXResourcesBuildPhase;
			buildActionMask = 2147483647;
			files = (
			);
			runOnlyForDeploymentPostprocessing = 0;
		};
		FD9A41FC2EC4807C005BB9C0 /* Resources */ = {
			isa = PBXResourcesBuildPhase;
			buildActionMask = 2147483647;
			files = (
			);
			runOnlyForDeploymentPostprocessing = 0;
		};
		FD9A42062EC4807C005BB9C0 /* Resources */ = {
			isa = PBXResourcesBuildPhase;
			buildActionMask = 2147483647;
			files = (
			);
			runOnlyForDeploymentPostprocessing = 0;
		};
/* End PBXResourcesBuildPhase section */

/* Begin PBXSourcesBuildPhase section */
		FD9A41E12EC4807B005BB9C0 /* Sources */ = {
			isa = PBXSourcesBuildPhase;
			buildActionMask = 2147483647;
			files = (
			);
			runOnlyForDeploymentPostprocessing = 0;
		};
		FD9A41FA2EC4807C005BB9C0 /* Sources */ = {
			isa = PBXSourcesBuildPhase;
			buildActionMask = 2147483647;
			files = (
			);
			runOnlyForDeploymentPostprocessing = 0;
		};
		FD9A42042EC4807C005BB9C0 /* Sources */ = {
			isa = PBXSourcesBuildPhase;
			buildActionMask = 2147483647;
			files = (
			);
			runOnlyForDeploymentPostprocessing = 0;
		};
/* End PBXSourcesBuildPhase section */

/* Begin PBXTargetDependency section */
		FD9A42002EC4807C005BB9C0 /* PBXTargetDependency */ = {
			isa = PBXTargetDependency;
			target = FD9A41E42EC4807B005BB9C0 /* Tracker */;
			targetProxy = FD9A41FF2EC4807C005BB9C0 /* PBXContainerItemProxy */;
		};
		FD9A420A2EC4807C005BB9C0 /* PBXTargetDependency */ = {
			isa = PBXTargetDependency;
			target = FD9A41E42EC4807B005BB9C0 /* Tracker */;
			targetProxy = FD9A42092EC4807C005BB9C0 /* PBXContainerItemProxy */;
		};
/* End PBXTargetDependency section */

/* Begin XCBuildConfiguration section */
		FD9A42122EC4807C005BB9C0 /* Debug */ = {
			isa = XCBuildConfiguration;
			buildSettings = {
				ASSETCATALOG_COMPILER_APPICON_NAME = AppIcon;
				ASSETCATALOG_COMPILER_GLOBAL_ACCENT_COLOR_NAME = AccentColor;
				CODE_SIGN_STYLE = Automatic;
				CURRENT_PROJECT_VERSION = 1;
				DEVELOPMENT_TEAM = ZC532SD554;
				GENERATE_INFOPLIST_FILE = YES;
				INFOPLIST_FILE = Tracker/Info.plist;
				INFOPLIST_KEY_UIApplicationSupportsIndirectInputEvents = YES;
				INFOPLIST_KEY_UISupportedInterfaceOrientations_iPad = "UIInterfaceOrientationPortrait UIInterfaceOrientationPortraitUpsideDown UIInterfaceOrientationLandscapeLeft UIInterfaceOrientationLandscapeRight";
				INFOPLIST_KEY_UISupportedInterfaceOrientations_iPhone = "UIInterfaceOrientationPortrait UIInterfaceOrientationLandscapeLeft UIInterfaceOrientationLandscapeRight";
				IPHONEOS_DEPLOYMENT_TARGET = 17.0;
				LD_RUNPATH_SEARCH_PATHS = (
					"$(inherited)",
					"@executable_path/Frameworks",
				);
				MARKETING_VERSION = 1.0;
				PRODUCT_BUNDLE_IDENTIFIER = com.asturlaeva.Tracker;
				PRODUCT_NAME = "$(TARGET_NAME)";
				STRING_CATALOG_GENERATE_SYMBOLS = YES;
				SWIFT_APPROACHABLE_CONCURRENCY = YES;
				SWIFT_DEFAULT_ACTOR_ISOLATION = MainActor;
				SWIFT_EMIT_LOC_STRINGS = YES;
				SWIFT_UPCOMING_FEATURE_MEMBER_IMPORT_VISIBILITY = YES;
				SWIFT_VERSION = 5.0;
				TARGETED_DEVICE_FAMILY = "1,2";
			};
			name = Debug;
		};
		FD9A42132EC4807C005BB9C0 /* Release */ = {
			isa = XCBuildConfiguration;
			buildSettings = {
				ASSETCATALOG_COMPILER_APPICON_NAME = AppIcon;
				ASSETCATALOG_COMPILER_GLOBAL_ACCENT_COLOR_NAME = AccentColor;
				CODE_SIGN_STYLE = Automatic;
				CURRENT_PROJECT_VERSION = 1;
				DEVELOPMENT_TEAM = ZC532SD554;
				GENERATE_INFOPLIST_FILE = YES;
				INFOPLIST_FILE = Tracker/Info.plist;
				INFOPLIST_KEY_UIApplicationSupportsIndirectInputEvents = YES;
				INFOPLIST_KEY_UISupportedInterfaceOrientations_iPad = "UIInterfaceOrientationPortrait UIInterfaceOrientationPortraitUpsideDown UIInterfaceOrientationLandscapeLeft UIInterfaceOrientationLandscapeRight";
				INFOPLIST_KEY_UISupportedInterfaceOrientations_iPhone = "UIInterfaceOrientationPortrait UIInterfaceOrientationLandscapeLeft UIInterfaceOrientationLandscapeRight";
				IPHONEOS_DEPLOYMENT_TARGET = 17.0;
				LD_RUNPATH_SEARCH_PATHS = (
					"$(inherited)",
					"@executable_path/Frameworks",
				);
				MARKETING_VERSION = 1.0;
				PRODUCT_BUNDLE_IDENTIFIER = com.asturlaeva.Tracker;
				PRODUCT_NAME = "$(TARGET_NAME)";
				STRING_CATALOG_GENERATE_SYMBOLS = YES;
				SWIFT_APPROACHABLE_CONCURRENCY = YES;
				SWIFT_DEFAULT_ACTOR_ISOLATION = MainActor;
				SWIFT_EMIT_LOC_STRINGS = YES;
				SWIFT_UPCOMING_FEATURE_MEMBER_IMPORT_VISIBILITY = YES;
				SWIFT_VERSION = 5.0;
				TARGETED_DEVICE_FAMILY = "1,2";
			};
			name = Release;
		};
		FD9A42142EC4807C005BB9C0 /* Debug */ = {
			isa = XCBuildConfiguration;
			buildSettings = {
				ALWAYS_SEARCH_USER_PATHS = NO;
				ASSETCATALOG_COMPILER_GENERATE_SWIFT_ASSET_SYMBOL_EXTENSIONS = YES;
				CLANG_ANALYZER_NONNULL = YES;
				CLANG_ANALYZER_NUMBER_OBJECT_CONVERSION = YES_AGGRESSIVE;
				CLANG_CXX_LANGUAGE_STANDARD = "gnu++20";
				CLANG_ENABLE_MODULES = YES;
				CLANG_ENABLE_OBJC_ARC = YES;
				CLANG_ENABLE_OBJC_WEAK = YES;
				CLANG_WARN_BLOCK_CAPTURE_AUTORELEASING = YES;
				CLANG_WARN_BOOL_CONVERSION = YES;
				CLANG_WARN_COMMA = YES;
				CLANG_WARN_CONSTANT_CONVERSION = YES;
				CLANG_WARN_DEPRECATED_OBJC_IMPLEMENTATIONS = YES;
				CLANG_WARN_DIRECT_OBJC_ISA_USAGE = YES_ERROR;
				CLANG_WARN_DOCUMENTATION_COMMENTS = YES;
				CLANG_WARN_EMPTY_BODY = YES;
				CLANG_WARN_ENUM_CONVERSION = YES;
				CLANG_WARN_INFINITE_RECURSION = YES;
				CLANG_WARN_INT_CONVERSION = YES;
				CLANG_WARN_NON_LITERAL_NULL_CONVERSION = YES;
				CLANG_WARN_OBJC_IMPLICIT_RETAIN_SELF = YES;
				CLANG_WARN_OBJC_LITERAL_CONVERSION = YES;
				CLANG_WARN_OBJC_ROOT_CLASS = YES_ERROR;
				CLANG_WARN_QUOTED_INCLUDE_IN_FRAMEWORK_HEADER = YES;
				CLANG_WARN_RANGE_LOOP_ANALYSIS = YES;
				CLANG_WARN_STRICT_PROTOTYPES = YES;
				CLANG_WARN_SUSPICIOUS_MOVE = YES;
				CLANG_WARN_UNGUARDED_AVAILABILITY = YES_AGGRESSIVE;
				CLANG_WARN_UNREACHABLE_CODE = YES;
				CLANG_WARN__DUPLICATE_METHOD_MATCH = YES;
				COPY_PHASE_STRIP = NO;
				DEBUG_INFORMATION_FORMAT = dwarf;
				DEVELOPMENT_TEAM = ZC532SD554;
				ENABLE_STRICT_OBJC_MSGSEND = YES;
				ENABLE_TESTABILITY = YES;
				ENABLE_USER_SCRIPT_SANDBOXING = YES;
				GCC_C_LANGUAGE_STANDARD = gnu17;
				GCC_DYNAMIC_NO_PIC = NO;
				GCC_NO_COMMON_BLOCKS = YES;
				GCC_OPTIMIZATION_LEVEL = 0;
				GCC_PREPROCESSOR_DEFINITIONS = (
					"DEBUG=1",
					"$(inherited)",
				);
				GCC_WARN_64_TO_32_BIT_CONVERSION = YES;
				GCC_WARN_ABOUT_RETURN_TYPE = YES_ERROR;
				GCC_WARN_UNDECLARED_SELECTOR = YES;
				GCC_WARN_UNINITIALIZED_AUTOS = YES_AGGRESSIVE;
				GCC_WARN_UNUSED_FUNCTION = YES;
				GCC_WARN_UNUSED_VARIABLE = YES;
				IPHONEOS_DEPLOYMENT_TARGET = 26.0;
				LOCALIZATION_PREFERS_STRING_CATALOGS = YES;
				MTL_ENABLE_DEBUG_INFO = INCLUDE_SOURCE;
				MTL_FAST_MATH = YES;
				ONLY_ACTIVE_ARCH = YES;
				SDKROOT = iphoneos;
				SWIFT_ACTIVE_COMPILATION_CONDITIONS = "DEBUG $(inherited)";
				SWIFT_OPTIMIZATION_LEVEL = "-Onone";
			};
			name = Debug;
		};
		FD9A42152EC4807C005BB9C0 /* Release */ = {
			isa = XCBuildConfiguration;
			buildSettings = {
				ALWAYS_SEARCH_USER_PATHS = NO;
				ASSETCATALOG_COMPILER_GENERATE_SWIFT_ASSET_SYMBOL_EXTENSIONS = YES;
				CLANG_ANALYZER_NONNULL = YES;
				CLANG_ANALYZER_NUMBER_OBJECT_CONVERSION = YES_AGGRESSIVE;
				CLANG_CXX_LANGUAGE_STANDARD = "gnu++20";
				CLANG_ENABLE_MODULES = YES;
				CLANG_ENABLE_OBJC_ARC = YES;
				CLANG_ENABLE_OBJC_WEAK = YES;
				CLANG_WARN_BLOCK_CAPTURE_AUTORELEASING = YES;
				CLANG_WARN_BOOL_CONVERSION = YES;
				CLANG_WARN_COMMA = YES;
				CLANG_WARN_CONSTANT_CONVERSION = YES;
				CLANG_WARN_DEPRECATED_OBJC_IMPLEMENTATIONS = YES;
				CLANG_WARN_DIRECT_OBJC_ISA_USAGE = YES_ERROR;
				CLANG_WARN_DOCUMENTATION_COMMENTS = YES;
				CLANG_WARN_EMPTY_BODY = YES;
				CLANG_WARN_ENUM_CONVERSION = YES;
				CLANG_WARN_INFINITE_RECURSION = YES;
				CLANG_WARN_INT_CONVERSION = YES;
				CLANG_WARN_NON_LITERAL_NULL_CONVERSION = YES;
				CLANG_WARN_OBJC_IMPLICIT_RETAIN_SELF = YES;
				CLANG_WARN_OBJC_LITERAL_CONVERSION = YES;
				CLANG_WARN_OBJC_ROOT_CLASS = YES_ERROR;
				CLANG_WARN_QUOTED_INCLUDE_IN_FRAMEWORK_HEADER = YES;
				CLANG_WARN_RANGE_LOOP_ANALYSIS = YES;
				CLANG_WARN_STRICT_PROTOTYPES = YES;
				CLANG_WARN_SUSPICIOUS_MOVE = YES;
				CLANG_WARN_UNGUARDED_AVAILABILITY = YES_AGGRESSIVE;
				CLANG_WARN_UNREACHABLE_CODE = YES;
				CLANG_WARN__DUPLICATE_METHOD_MATCH = YES;
				COPY_PHASE_STRIP = NO;
				DEBUG_INFORMATION_FORMAT = "dwarf-with-dsym";
				DEVELOPMENT_TEAM = ZC532SD554;
				ENABLE_NS_ASSERTIONS = NO;
				ENABLE_STRICT_OBJC_MSGSEND = YES;
				ENABLE_USER_SCRIPT_SANDBOXING = YES;
				GCC_C_LANGUAGE_STANDARD = gnu17;
				GCC_NO_COMMON_BLOCKS = YES;
				GCC_WARN_64_TO_32_BIT_CONVERSION = YES;
				GCC_WARN_ABOUT_RETURN_TYPE = YES_ERROR;
				GCC_WARN_UNDECLARED_SELECTOR = YES;
				GCC_WARN_UNINITIALIZED_AUTOS = YES_AGGRESSIVE;
				GCC_WARN_UNUSED_FUNCTION = YES;
				GCC_WARN_UNUSED_VARIABLE = YES;
				IPHONEOS_DEPLOYMENT_TARGET = 26.0;
				LOCALIZATION_PREFERS_STRING_CATALOGS = YES;
				MTL_ENABLE_DEBUG_INFO = NO;
				MTL_FAST_MATH = YES;
				SDKROOT = iphoneos;
				SWIFT_COMPILATION_MODE = wholemodule;
				VALIDATE_PRODUCT = YES;
			};
			name = Release;
		};
		FD9A42172EC4807C005BB9C0 /* Debug */ = {
			isa = XCBuildConfiguration;
			buildSettings = {
				BUNDLE_LOADER = "$(TEST_HOST)";
				CODE_SIGN_STYLE = Automatic;
				CURRENT_PROJECT_VERSION = 1;
				DEVELOPMENT_TEAM = ZC532SD554;
				GENERATE_INFOPLIST_FILE = YES;
				IPHONEOS_DEPLOYMENT_TARGET = 17.6;
				MARKETING_VERSION = 1.0;
				PRODUCT_BUNDLE_IDENTIFIER = com.asturlaeva.TrackerTests;
				PRODUCT_NAME = "$(TARGET_NAME)";
				STRING_CATALOG_GENERATE_SYMBOLS = NO;
				SWIFT_APPROACHABLE_CONCURRENCY = YES;
				SWIFT_EMIT_LOC_STRINGS = NO;
				SWIFT_UPCOMING_FEATURE_MEMBER_IMPORT_VISIBILITY = YES;
				SWIFT_VERSION = 5.0;
				TARGETED_DEVICE_FAMILY = "1,2";
				TEST_HOST = "$(BUILT_PRODUCTS_DIR)/Tracker.app/$(BUNDLE_EXECUTABLE_FOLDER_PATH)/Tracker";
			};
			name = Debug;
		};
		FD9A42182EC4807C005BB9C0 /* Release */ = {
			isa = XCBuildConfiguration;
			buildSettings = {
				BUNDLE_LOADER = "$(TEST_HOST)";
				CODE_SIGN_STYLE = Automatic;
				CURRENT_PROJECT_VERSION = 1;
				DEVELOPMENT_TEAM = ZC532SD554;
				GENERATE_INFOPLIST_FILE = YES;
				IPHONEOS_DEPLOYMENT_TARGET = 17.6;
				MARKETING_VERSION = 1.0;
				PRODUCT_BUNDLE_IDENTIFIER = com.asturlaeva.TrackerTests;
				PRODUCT_NAME = "$(TARGET_NAME)";
				STRING_CATALOG_GENERATE_SYMBOLS = NO;
				SWIFT_APPROACHABLE_CONCURRENCY = YES;
				SWIFT_EMIT_LOC_STRINGS = NO;
				SWIFT_UPCOMING_FEATURE_MEMBER_IMPORT_VISIBILITY = YES;
				SWIFT_VERSION = 5.0;
				TARGETED_DEVICE_FAMILY = "1,2";
				TEST_HOST = "$(BUILT_PRODUCTS_DIR)/Tracker.app/$(BUNDLE_EXECUTABLE_FOLDER_PATH)/Tracker";
			};
			name = Release;
		};
		FD9A421A2EC4807C005BB9C0 /* Debug */ = {
			isa = XCBuildConfiguration;
			buildSettings = {
				CODE_SIGN_STYLE = Automatic;
				CURRENT_PROJECT_VERSION = 1;
				DEVELOPMENT_TEAM = ZC532SD554;
				GENERATE_INFOPLIST_FILE = YES;
				IPHONEOS_DEPLOYMENT_TARGET = 17.6;
				MARKETING_VERSION = 1.0;
				PRODUCT_BUNDLE_IDENTIFIER = com.asturlaeva.TrackerUITests;
				PRODUCT_NAME = "$(TARGET_NAME)";
				STRING_CATALOG_GENERATE_SYMBOLS = NO;
				SWIFT_APPROACHABLE_CONCURRENCY = YES;
				SWIFT_EMIT_LOC_STRINGS = NO;
				SWIFT_UPCOMING_FEATURE_MEMBER_IMPORT_VISIBILITY = YES;
				SWIFT_VERSION = 5.0;
				TARGETED_DEVICE_FAMILY = "1,2";
				TEST_TARGET_NAME = Tracker;
			};
			name = Debug;
		};
		FD9A421B2EC4807C005BB9C0 /* Release */ = {
			isa = XCBuildConfiguration;
			buildSettings = {
				CODE_SIGN_STYLE = Automatic;
				CURRENT_PROJECT_VERSION = 1;
				DEVELOPMENT_TEAM = ZC532SD554;
				GENERATE_INFOPLIST_FILE = YES;
				IPHONEOS_DEPLOYMENT_TARGET = 17.6;
				MARKETING_VERSION = 1.0;
				PRODUCT_BUNDLE_IDENTIFIER = com.asturlaeva.TrackerUITests;
				PRODUCT_NAME = "$(TARGET_NAME)";
				STRING_CATALOG_GENERATE_SYMBOLS = NO;
				SWIFT_APPROACHABLE_CONCURRENCY = YES;
				SWIFT_EMIT_LOC_STRINGS = NO;
				SWIFT_UPCOMING_FEATURE_MEMBER_IMPORT_VISIBILITY = YES;
				SWIFT_VERSION = 5.0;
				TARGETED_DEVICE_FAMILY = "1,2";
				TEST_TARGET_NAME = Tracker;
			};
			name = Release;
		};
/* End XCBuildConfiguration section */

/* Begin XCConfigurationList section */
		FD9A41E02EC4807B005BB9C0 /* Build configuration list for PBXProject "Tracker" */ = {
			isa = XCConfigurationList;
			buildConfigurations = (
				FD9A42142EC4807C005BB9C0 /* Debug */,
				FD9A42152EC4807C005BB9C0 /* Release */,
			);
			defaultConfigurationIsVisible = 0;
			defaultConfigurationName = Release;
		};
		FD9A42112EC4807C005BB9C0 /* Build configuration list for PBXNativeTarget "Tracker" */ = {
			isa = XCConfigurationList;
			buildConfigurations = (
				FD9A42122EC4807C005BB9C0 /* Debug */,
				FD9A42132EC4807C005BB9C0 /* Release */,
			);
			defaultConfigurationIsVisible = 0;
			defaultConfigurationName = Release;
		};
		FD9A42162EC4807C005BB9C0 /* Build configuration list for PBXNativeTarget "TrackerTests" */ = {
			isa = XCConfigurationList;
			buildConfigurations = (
				FD9A42172EC4807C005BB9C0 /* Debug */,
				FD9A42182EC4807C005BB9C0 /* Release */,
			);
			defaultConfigurationIsVisible = 0;
			defaultConfigurationName = Release;
		};
		FD9A42192EC4807C005BB9C0 /* Build configuration list for PBXNativeTarget "TrackerUITests" */ = {
			isa = XCConfigurationList;
			buildConfigurations = (
				FD9A421A2EC4807C005BB9C0 /* Debug */,
				FD9A421B2EC4807C005BB9C0 /* Release */,
			);
			defaultConfigurationIsVisible = 0;
			defaultConfigurationName = Release;
		};
/* End XCConfigurationList section */

/* Begin XCRemoteSwiftPackageReference section */
		FD82D8BB2F0D38A2004552E8 /* XCRemoteSwiftPackageReference "swift-snapshot-testing" */ = {
			isa = XCRemoteSwiftPackageReference;
			repositoryURL = "https://github.com/pointfreeco/swift-snapshot-testing";
			requirement = {
				kind = upToNextMajorVersion;
				minimumVersion = 1.18.7;
			};
		};
		FDFECD0E2F0A4D5D000C2C97 /* XCRemoteSwiftPackageReference "appmetrica-sdk-ios" */ = {
			isa = XCRemoteSwiftPackageReference;
			repositoryURL = "https://github.com/appmetrica/appmetrica-sdk-ios";
			requirement = {
				kind = upToNextMajorVersion;
				minimumVersion = 5.16.0;
			};
		};
/* End XCRemoteSwiftPackageReference section */

/* Begin XCSwiftPackageProductDependency section */
		FD82D8BC2F0D38A2004552E8 /* InlineSnapshotTesting */ = {
			isa = XCSwiftPackageProductDependency;
			package = FD82D8BB2F0D38A2004552E8 /* XCRemoteSwiftPackageReference "swift-snapshot-testing" */;
			productName = InlineSnapshotTesting;
		};
		FD82D8BE2F0D38A2004552E8 /* SnapshotTesting */ = {
			isa = XCSwiftPackageProductDependency;
			package = FD82D8BB2F0D38A2004552E8 /* XCRemoteSwiftPackageReference "swift-snapshot-testing" */;
			productName = SnapshotTesting;
		};
		FD82D8C02F0D38A2004552E8 /* SnapshotTestingCustomDump */ = {
			isa = XCSwiftPackageProductDependency;
			package = FD82D8BB2F0D38A2004552E8 /* XCRemoteSwiftPackageReference "swift-snapshot-testing" */;
			productName = SnapshotTestingCustomDump;
		};
		FDFECD0F2F0A4D5D000C2C97 /* AppMetricaAdSupport */ = {
			isa = XCSwiftPackageProductDependency;
			package = FDFECD0E2F0A4D5D000C2C97 /* XCRemoteSwiftPackageReference "appmetrica-sdk-ios" */;
			productName = AppMetricaAdSupport;
		};
		FDFECD112F0A4D5D000C2C97 /* AppMetricaCore */ = {
			isa = XCSwiftPackageProductDependency;
			package = FDFECD0E2F0A4D5D000C2C97 /* XCRemoteSwiftPackageReference "appmetrica-sdk-ios" */;
			productName = AppMetricaCore;
		};
		FDFECD132F0A4D5D000C2C97 /* AppMetricaCrashes */ = {
			isa = XCSwiftPackageProductDependency;
			package = FDFECD0E2F0A4D5D000C2C97 /* XCRemoteSwiftPackageReference "appmetrica-sdk-ios" */;
			productName = AppMetricaCrashes;
		};
		FDFECD152F0A4D5D000C2C97 /* AppMetricaIDSync */ = {
			isa = XCSwiftPackageProductDependency;
			package = FDFECD0E2F0A4D5D000C2C97 /* XCRemoteSwiftPackageReference "appmetrica-sdk-ios" */;
			productName = AppMetricaIDSync;
		};
		FDFECD172F0A4D5D000C2C97 /* AppMetricaLibraryAdapter */ = {
			isa = XCSwiftPackageProductDependency;
			package = FDFECD0E2F0A4D5D000C2C97 /* XCRemoteSwiftPackageReference "appmetrica-sdk-ios" */;
			productName = AppMetricaLibraryAdapter;
		};
/* End XCSwiftPackageProductDependency section */
	};
	rootObject = FD9A41DD2EC4807B005BB9C0 /* Project object */;
}
